
Microsoft Visual Studio Solution File, Format Version 12.00
# Visual Studio Version 16
VisualStudioVersion = 16.0.31702.278
MinimumVisualStudioVersion = 10.0.40219.1
Project("{FAE04EC0-301F-11D3-BF4B-00C04F79EFBC}") = "CursoCSharp", "CursoCSharp\CursoCSharp.csproj", "{ACFC277B-3B91-409C-96B2-CA04154E20A4}"
EndProject
Project("{FAE04EC0-301F-11D3-BF4B-00C04F79EFBC}") = "Encapsulamento", "Encapsulamento\Encapsulamento.csproj", "{5B690822-9496-479B-8D20-379C5C2DD69C}"
EndProject
Global
	GlobalSection(SolutionConfigurationPlatforms) = preSolution
		Debug|Any CPU = Debug|Any CPU
		Release|Any CPU = Release|Any CPU
	EndGlobalSection
	GlobalSection(ProjectConfigurationPlatforms) = postSolution
		{ACFC277B-3B91-409C-96B2-CA04154E20A4}.Debug|Any CPU.ActiveCfg = Debug|Any CPU
		{ACFC277B-3B91-409C-96B2-CA04154E20A4}.Debug|Any CPU.Build.0 = Debug|Any CPU
		{ACFC277B-3B91-409C-96B2-CA04154E20A4}.Release|Any CPU.ActiveCfg = Release|Any CPU
		{ACFC277B-3B91-409C-96B2-CA04154E20A4}.Release|Any CPU.Build.0 = Release|Any CPU
		{5B690822-9496-479B-8D20-379C5C2DD69C}.Debug|Any CPU.ActiveCfg = Debug|Any CPU
		{5B690822-9496-479B-8D20-379C5C2DD69C}.Debug|Any CPU.Build.0 = Debug|Any CPU
		{5B690822-9496-479B-8D20-379C5C2DD69C}.Release|Any CPU.ActiveCfg = Release|Any CPU
		{5B690822-9496-479B-8D20-379C5C2DD69C}.Release|Any CPU.Build.0 = Release|Any CPU
	EndGlobalSection
	GlobalSection(SolutionProperties) = preSolution
		HideSolutionNode = FALSE
	EndGlobalSection
	GlobalSection(ExtensibilityGlobals) = postSolution
		SolutionGuid = {DA46BAF9-F05C-454E-954E-7ED20FEA5868}
	EndGlobalSection
EndGlobal
